
Microsoft Visual Studio Solution File, Format Version 12.00
# Visual Studio Version 17
VisualStudioVersion = 17.6.33829.357
MinimumVisualStudioVersion = 10.0.40219.1
Project("{FAE04EC0-301F-11D3-BF4B-00C04F79EFBC}") = "HallOfFame_Test", "HallOfFame_Test.csproj", "{A511E1D1-1D42-4A62-8966-27FD01F3BB03}"
EndProject
Global
	GlobalSection(SolutionConfigurationPlatforms) = preSolution
		Debug|Any CPU = Debug|Any CPU
		Release|Any CPU = Release|Any CPU
	EndGlobalSection
	GlobalSection(ProjectConfigurationPlatforms) = postSolution
		{A511E1D1-1D42-4A62-8966-27FD01F3BB03}.Debug|Any CPU.ActiveCfg = Debug|Any CPU
		{A511E1D1-1D42-4A62-8966-27FD01F3BB03}.Debug|Any CPU.Build.0 = Debug|Any CPU
		{A511E1D1-1D42-4A62-8966-27FD01F3BB03}.Release|Any CPU.ActiveCfg = Release|Any CPU
		{A511E1D1-1D42-4A62-8966-27FD01F3BB03}.Release|Any CPU.Build.0 = Release|Any CPU
	EndGlobalSection
	GlobalSection(SolutionProperties) = preSolution
		HideSolutionNode = FALSE
	EndGlobalSection
	GlobalSection(ExtensibilityGlobals) = postSolution
		SolutionGuid = {D0897CAC-6871-441B-B6E0-925CCB6D9020}
	EndGlobalSection
EndGlobal
